{
  "name": "@flexsyscz/datagrids",
  "version": "2.0.0",
  "lockfileVersion": 3,
  "requires": true,
  "packages": {
    "": {
      "name": "@flexsyscz/datagrids",
      "version": "2.0.0",
      "license": "ISC",
      "dependencies": {
        "naja": "^3.2.0"
      }
    },
    "node_modules/naja": {
      "version": "3.2.1",
      "resolved": "https://registry.npmjs.org/naja/-/naja-3.2.1.tgz",
      "integrity": "sha512-Q2A9u7A4WA+pA/Nvsvq0hYk87wEULuPba0gj1IqEZ6JfJd7g0QHdiS+G6lBkY+CMzY2lM0V0E2zxwvpdBSyqBg=="
    }
  }
}
